
Microsoft Visual Studio Solution File, Format Version 12.00
# Visual Studio Version 17
VisualStudioVersion = 17.0.32014.148
MinimumVisualStudioVersion = 10.0.40219.1
Project("{9A19103F-16F7-4668-BE54-9A1E7A4F7556}") = "MLModel_ConsoleApp", "MLModel_ConsoleApp\MLModel_ConsoleApp.csproj", "{C8621F20-57FA-44BF-AC8C-97C0B5457F01}"
EndProject
Global
	GlobalSection(SolutionConfigurationPlatforms) = preSolution
		Debug|Any CPU = Debug|Any CPU
		Release|Any CPU = Release|Any CPU
	EndGlobalSection
	GlobalSection(ProjectConfigurationPlatforms) = postSolution
		{C8621F20-57FA-44BF-AC8C-97C0B5457F01}.Debug|Any CPU.ActiveCfg = Debug|Any CPU
		{C8621F20-57FA-44BF-AC8C-97C0B5457F01}.Debug|Any CPU.Build.0 = Debug|Any CPU
		{C8621F20-57FA-44BF-AC8C-97C0B5457F01}.Release|Any CPU.ActiveCfg = Release|Any CPU
		{C8621F20-57FA-44BF-AC8C-97C0B5457F01}.Release|Any CPU.Build.0 = Release|Any CPU
	EndGlobalSection
	GlobalSection(SolutionProperties) = preSolution
		HideSolutionNode = FALSE
	EndGlobalSection
	GlobalSection(ExtensibilityGlobals) = postSolution
		SolutionGuid = {0E89351A-409E-4A16-97C4-96F70B0139E5}
	EndGlobalSection
EndGlobal
